<?xml version="1.0" encoding="UTF-8"?>
<Scheme
   LastUpgradeVersion = "1500"
   version = "2.0">
   <BuildAction
      parallelizeBuildables = "YES"
      buildImplicitDependencies = "YES">
      <BuildActionEntries>
         <BuildActionEntry
            buildForTesting = "NO"
            buildForRunning = "YES"
            buildForProfiling = "YES"
            buildForArchiving = "YES"
            buildForAnalyzing = "YES">
            <BuildableReference
               BuildableIdentifier = "primary"
               BlueprintIdentifier = "8462AFDD2A900F1E001EFB68"
               BuildableName = "All"
               BlueprintName = "All"
               ReferencedContainer = "container:XCMBuild.xcodeproj">
            </BuildableReference>
         </BuildActionEntry>
         <BuildActionEntry
            buildForTesting = "YES"
            buildForRunning = "NO"
            buildForProfiling = "NO"
            buildForArchiving = "NO"
            buildForAnalyzing = "NO">
            <BuildableReference
               BuildableIdentifier = "primary"
               BlueprintIdentifier = "84AB43C42AAB8FC200E24981"
               BuildableName = "Test"
               BlueprintName = "Test"
               ReferencedContainer = "container:XCMBuild.xcodeproj">
            </BuildableReference>
         </BuildActionEntry>
      </BuildActionEntries>
   </BuildAction>
   <TestAction
      buildConfiguration = "Debug"
      selectedDebuggerIdentifier = "Xcode.DebuggerFoundation.Debugger.LLDB"
      selectedLauncherIdentifier = "Xcode.DebuggerFoundation.Launcher.LLDB"
      shouldUseLaunchSchemeArgsEnv = "YES"
      shouldAutocreateTestPlan = "YES">
   </TestAction>
   <LaunchAction
      buildConfiguration = "Release"
      selectedDebuggerIdentifier = ""
      selectedLauncherIdentifier = "Xcode.IDEFoundation.Launcher.PosixSpawn"
      enableASanStackUseAfterReturn = "YES"
      enableThreadSanitizer = "YES"
      disableMainThreadChecker = "YES"
      launchStyle = "0"
      askForAppToLaunch = "Yes"
      useCustomWorkingDirectory = "YES"
      customWorkingDirectory = "$(PROJECT_DIR)"
      ignoresPersistentStateOnLaunch = "YES"
      debugDocumentVersioning = "YES"
      debugServiceExtension = "internal"
      enableGPUValidationMode = "1"
      allowLocationSimulation = "NO"
      showNonLocalizedStrings = "YES"
      launchAutomaticallySubstyle = "2"
      viewDebuggingEnabled = "No"
      consoleMode = "0"
      structuredConsoleMode = "2">
      <MacroExpansion>
         <BuildableReference
            BuildableIdentifier = "primary"
            BlueprintIdentifier = "8462AFDD2A900F1E001EFB68"
            BuildableName = "All"
            BlueprintName = "All"
            ReferencedContainer = "container:XCMBuild.xcodeproj">
         </BuildableReference>
      </MacroExpansion>
      <CommandLineArguments>
         <CommandLineArgument
            argument = "XCMTest"
            isEnabled = "NO">
         </CommandLineArgument>
      </CommandLineArguments>
      <EnvironmentVariables>
         <EnvironmentVariable
            key = "SHELL"
            value = "/bin/bash"
            isEnabled = "YES">
         </EnvironmentVariable>
         <EnvironmentVariable
            key = "PROJECT_DIR"
            value = "/Volumes/Sandbox/Developer/SDK/XCMBuild"
            isEnabled = "YES">
         </EnvironmentVariable>
      </EnvironmentVariables>
   </LaunchAction>
   <ProfileAction
      buildConfiguration = "Debug"
      shouldUseLaunchSchemeArgsEnv = "YES"
      savedToolIdentifier = "Activity Monitor"
      useCustomWorkingDirectory = "YES"
      ignoresPersistentStateOnLaunch = "YES"
      debugDocumentVersioning = "NO">
      <MacroExpansion>
         <BuildableReference
            BuildableIdentifier = "primary"
            BlueprintIdentifier = "8462AFDD2A900F1E001EFB68"
            BuildableName = "All"
            BlueprintName = "All"
            ReferencedContainer = "container:XCMBuild.xcodeproj">
         </BuildableReference>
      </MacroExpansion>
   </ProfileAction>
   <AnalyzeAction
      buildConfiguration = "Debug">
   </AnalyzeAction>
   <ArchiveAction
      buildConfiguration = "Release"
      revealArchiveInOrganizer = "YES">
   </ArchiveAction>
</Scheme>
